PODS:
  - FlutterMacOS (1.0.0)
  - texture_rgba_renderer (0.0.1):
    - FlutterMacOS

DEPENDENCIES:
  - FlutterMacOS (from `Flutter/ephemeral`)
  - texture_rgba_renderer (from `Flutter/ephemeral/.symlinks/plugins/texture_rgba_renderer/macos`)

EXTERNAL SOURCES:
  FlutterMacOS:
    :path: Flutter/ephemeral
  texture_rgba_renderer:
    :path: Flutter/ephemeral/.symlinks/plugins/texture_rgba_renderer/macos

SPEC CHECKSUMS:
  FlutterMacOS: 8f6f14fa908a6fb3fba0cd85dbd81ec4b251fb24
  texture_rgba_renderer: cbed959a3c127122194a364e14b8577bd62dc8f2

PODFILE CHECKSUM: 353c8bcc5d5b0994e508d035b5431cfe18c1dea7

COCOAPODS: 1.11.3
